// !$*UTF8*$!
{
	archiveVersion = 1;
	classes = {
	};
	objectVersion = 52;
	objects = {

/* Begin PBXBuildFile section */
		1C521FB62682368B000AA39F /* Kingfisher in Frameworks */ = {isa = PBXBuildFile; productRef = 1C521FB52682368B000AA39F /* Kingfisher */; };
		1C521FC026824D3C000AA39F /* SplashScreenController.swift in Sources */ = {isa = PBXBuildFile; fileRef = 1C521FBF26824D3C000AA39F /* SplashScreenController.swift */; };
		1CAD05D52681175A002A61C1 /* AppDelegate.swift in Sources */ = {isa = PBXBuildFile; fileRef = 1CAD05D42681175A002A61C1 /* AppDelegate.swift */; };
		1CAD05D72681175A002A61C1 /* SceneDelegate.swift in Sources */ = {isa = PBXBuildFile; fileRef = 1CAD05D62681175A002A61C1 /* SceneDelegate.swift */; };
		1CAD05D92681175A002A61C1 /* MainController.swift in Sources */ = {isa = PBXBuildFile; fileRef = 1CAD05D82681175A002A61C1 /* MainController.swift */; };
		1CAD05DC2681175A002A61C1 /* Main.storyboard in Resources */ = {isa = PBXBuildFile; fileRef = 1CAD05DA2681175A002A61C1 /* Main.storyboard */; };
		1CAD05DE26811765002A61C1 /* Assets.xcassets in Resources */ = {isa = PBXBuildFile; fileRef = 1CAD05DD26811765002A61C1 /* Assets.xcassets */; };
		1CAD05E126811765002A61C1 /* LaunchScreen.storyboard in Resources */ = {isa = PBXBuildFile; fileRef = 1CAD05DF26811765002A61C1 /* LaunchScreen.storyboard */; };
		1CAD05F126812598002A61C1 /* PhotoCell.swift in Sources */ = {isa = PBXBuildFile; fileRef = 1CAD05F026812598002A61C1 /* PhotoCell.swift */; };
		1CAD05F42681298C002A61C1 /* NetworkManager.swift in Sources */ = {isa = PBXBuildFile; fileRef = 1CAD05F32681298C002A61C1 /* NetworkManager.swift */; };
		1CAD05F726813082002A61C1 /* Photo.swift in Sources */ = {isa = PBXBuildFile; fileRef = 1CAD05F626813082002A61C1 /* Photo.swift */; };
		1CAD05FE26813802002A61C1 /* MainViewModel.swift in Sources */ = {isa = PBXBuildFile; fileRef = 1CAD05FD26813802002A61C1 /* MainViewModel.swift */; };
		1CAD06012681C32A002A61C1 /* FooterSpinnerView.swift in Sources */ = {isa = PBXBuildFile; fileRef = 1CAD06002681C32A002A61C1 /* FooterSpinnerView.swift */; };
/* End PBXBuildFile section */

/* Begin PBXFileReference section */
		1C521FBF26824D3C000AA39F /* SplashScreenController.swift */ = {isa = PBXFileReference; lastKnownFileType = sourcecode.swift; path = SplashScreenController.swift; sourceTree = "<group>"; };
		1CAD05D12681175A002A61C1 /* InstaClone.app */ = {isa = PBXFileReference; explicitFileType = wrapper.application; includeInIndex = 0; path = InstaClone.app; sourceTree = BUILT_PRODUCTS_DIR; };
		1CAD05D42681175A002A61C1 /* AppDelegate.swift */ = {isa = PBXFileReference; lastKnownFileType = sourcecode.swift; path = AppDelegate.swift; sourceTree = "<group>"; };
		1CAD05D62681175A002A61C1 /* SceneDelegate.swift */ = {isa = PBXFileReference; lastKnownFileType = sourcecode.swift; path = SceneDelegate.swift; sourceTree = "<group>"; };
		1CAD05D82681175A002A61C1 /* MainController.swift */ = {isa = PBXFileReference; lastKnownFileType = sourcecode.swift; path = MainController.swift; sourceTree = "<group>"; };
		1CAD05DB2681175A002A61C1 /* Base */ = {isa = PBXFileReference; lastKnownFileType = file.storyboard; name = Base; path = Base.lproj/Main.storyboard; sourceTree = "<group>"; };
		1CAD05DD26811765002A61C1 /* Assets.xcassets */ = {isa = PBXFileReference; lastKnownFileType = folder.assetcatalog; path = Assets.xcassets; sourceTree = "<group>"; };
		1CAD05E026811765002A61C1 /* Base */ = {isa = PBXFileReference; lastKnownFileType = file.storyboard; name = Base; path = Base.lproj/LaunchScreen.storyboard; sourceTree = "<group>"; };
		1CAD05E226811765002A61C1 /* Info.plist */ = {isa = PBXFileReference; lastKnownFileType = text.plist.xml; path = Info.plist; sourceTree = "<group>"; };
		1CAD05F026812598002A61C1 /* PhotoCell.swift */ = {isa = PBXFileReference; lastKnownFileType = sourcecode.swift; path = PhotoCell.swift; sourceTree = "<group>"; };
		1CAD05F32681298C002A61C1 /* NetworkManager.swift */ = {isa = PBXFileReference; lastKnownFileType = sourcecode.swift; path = NetworkManager.swift; sourceTree = "<group>"; };
		1CAD05F626813082002A61C1 /* Photo.swift */ = {isa = PBXFileReference; lastKnownFileType = sourcecode.swift; path = Photo.swift; sourceTree = "<group>"; };
		1CAD05FD26813802002A61C1 /* MainViewModel.swift */ = {isa = PBXFileReference; lastKnownFileType = sourcecode.swift; path = MainViewModel.swift; sourceTree = "<group>"; };
		1CAD06002681C32A002A61C1 /* FooterSpinnerView.swift */ = {isa = PBXFileReference; lastKnownFileType = sourcecode.swift; path = FooterSpinnerView.swift; sourceTree = "<group>"; };
/* End PBXFileReference section */

/* Begin PBXFrameworksBuildPhase section */
		1CAD05CE2681175A002A61C1 /* Frameworks */ = {
			isa = PBXFrameworksBuildPhase;
			buildActionMask = 2147483647;
			files = (
				1C521FB62682368B000AA39F /* Kingfisher in Frameworks */,
			);
			runOnlyForDeploymentPostprocessing = 0;
		};
/* End PBXFrameworksBuildPhase section */

/* Begin PBXGroup section */
		1C521FB826823A54000AA39F /* Common */ = {
			isa = PBXGroup;
			children = (
				1CAD05F32681298C002A61C1 /* NetworkManager.swift */,
			);
			path = Common;
			sourceTree = "<group>";
		};
		1C521FB926823A5B000AA39F /* Module */ = {
			isa = PBXGroup;
			children = (
				1C521FBF26824D3C000AA39F /* SplashScreenController.swift */,
				1C521FBA26823A62000AA39F /* Main */,
			);
			path = Module;
			sourceTree = "<group>";
		};
		1C521FBA26823A62000AA39F /* Main */ = {
			isa = PBXGroup;
			children = (
				1CAD05ED26811870002A61C1 /* Model */,
				1CAD05EC2681186B002A61C1 /* ViewModel */,
				1CAD05EB26811864002A61C1 /* Controller */,
				1CAD05EA26811860002A61C1 /* View */,
			);
			path = Main;
			sourceTree = "<group>";
		};
		1CAD05C82681175A002A61C1 = {
			isa = PBXGroup;
			children = (
				1CAD05D32681175A002A61C1 /* InstaClone */,
				1CAD05D22681175A002A61C1 /* Products */,
			);
			sourceTree = "<group>";
		};
		1CAD05D22681175A002A61C1 /* Products */ = {
			isa = PBXGroup;
			children = (
				1CAD05D12681175A002A61C1 /* InstaClone.app */,
			);
			name = Products;
			sourceTree = "<group>";
		};
		1CAD05D32681175A002A61C1 /* InstaClone */ = {
			isa = PBXGroup;
			children = (
				1C521FB826823A54000AA39F /* Common */,
				1C521FB926823A5B000AA39F /* Module */,
				1CAD05D42681175A002A61C1 /* AppDelegate.swift */,
				1CAD05D62681175A002A61C1 /* SceneDelegate.swift */,
				1CAD05DA2681175A002A61C1 /* Main.storyboard */,
				1CAD05DD26811765002A61C1 /* Assets.xcassets */,
				1CAD05DF26811765002A61C1 /* LaunchScreen.storyboard */,
				1CAD05E226811765002A61C1 /* Info.plist */,
			);
			path = InstaClone;
			sourceTree = "<group>";
		};
		1CAD05EA26811860002A61C1 /* View */ = {
			isa = PBXGroup;
			children = (
				1CAD05F026812598002A61C1 /* PhotoCell.swift */,
				1CAD06002681C32A002A61C1 /* FooterSpinnerView.swift */,
			);
			path = View;
			sourceTree = "<group>";
		};
		1CAD05EB26811864002A61C1 /* Controller */ = {
			isa = PBXGroup;
			children = (
				1CAD05D82681175A002A61C1 /* MainController.swift */,
			);
			path = Controller;
			sourceTree = "<group>";
		};
		1CAD05EC2681186B002A61C1 /* ViewModel */ = {
			isa = PBXGroup;
			children = (
				1CAD05FD26813802002A61C1 /* MainViewModel.swift */,
			);
			path = ViewModel;
			sourceTree = "<group>";
		};
		1CAD05ED26811870002A61C1 /* Model */ = {
			isa = PBXGroup;
			children = (
				1CAD05F626813082002A61C1 /* Photo.swift */,
			);
			path = Model;
			sourceTree = "<group>";
		};
/* End PBXGroup section */

/* Begin PBXNativeTarget section */
		1CAD05D02681175A002A61C1 /* InstaClone */ = {
			isa = PBXNativeTarget;
			buildConfigurationList = 1CAD05E526811765002A61C1 /* Build configuration list for PBXNativeTarget "InstaClone" */;
			buildPhases = (
				1CAD05CD2681175A002A61C1 /* Sources */,
				1CAD05CE2681175A002A61C1 /* Frameworks */,
				1CAD05CF2681175A002A61C1 /* Resources */,
			);
			buildRules = (
			);
			dependencies = (
			);
			name = InstaClone;
			packageProductDependencies = (
				1C521FB52682368B000AA39F /* Kingfisher */,
			);
			productName = InstaClone;
			productReference = 1CAD05D12681175A002A61C1 /* InstaClone.app */;
			productType = "com.apple.product-type.application";
		};
/* End PBXNativeTarget section */

/* Begin PBXProject section */
		1CAD05C92681175A002A61C1 /* Project object */ = {
			isa = PBXProject;
			attributes = {
				LastSwiftUpdateCheck = 1240;
				LastUpgradeCheck = 1240;
				TargetAttributes = {
					1CAD05D02681175A002A61C1 = {
						CreatedOnToolsVersion = 12.4;
					};
				};
			};
			buildConfigurationList = 1CAD05CC2681175A002A61C1 /* Build configuration list for PBXProject "InstaClone" */;
			compatibilityVersion = "Xcode 9.3";
			developmentRegion = en;
			hasScannedForEncodings = 0;
			knownRegions = (
				en,
				Base,
			);
			mainGroup = 1CAD05C82681175A002A61C1;
			packageReferences = (
				1C521FB42682368B000AA39F /* XCRemoteSwiftPackageReference "Kingfisher" */,
			);
			productRefGroup = 1CAD05D22681175A002A61C1 /* Products */;
			projectDirPath = "";
			projectRoot = "";
			targets = (
				1CAD05D02681175A002A61C1 /* InstaClone */,
			);
		};
/* End PBXProject section */

/* Begin PBXResourcesBuildPhase section */
		1CAD05CF2681175A002A61C1 /* Resources */ = {
			isa = PBXResourcesBuildPhase;
			buildActionMask = 2147483647;
			files = (
				1CAD05E126811765002A61C1 /* LaunchScreen.storyboard in Resources */,
				1CAD05DE26811765002A61C1 /* Assets.xcassets in Resources */,
				1CAD05DC2681175A002A61C1 /* Main.storyboard in Resources */,
			);
			runOnlyForDeploymentPostprocessing = 0;
		};
/* End PBXResourcesBuildPhase section */

/* Begin PBXSourcesBuildPhase section */
		1CAD05CD2681175A002A61C1 /* Sources */ = {
			isa = PBXSourcesBuildPhase;
			buildActionMask = 2147483647;
			files = (
				1CAD05FE26813802002A61C1 /* MainViewModel.swift in Sources */,
				1CAD05F126812598002A61C1 /* PhotoCell.swift in Sources */,
				1CAD05D92681175A002A61C1 /* MainController.swift in Sources */,
				1C521FC026824D3C000AA39F /* SplashScreenController.swift in Sources */,
				1CAD06012681C32A002A61C1 /* FooterSpinnerView.swift in Sources */,
				1CAD05F42681298C002A61C1 /* NetworkManager.swift in Sources */,
				1CAD05D52681175A002A61C1 /* AppDelegate.swift in Sources */,
				1CAD05F726813082002A61C1 /* Photo.swift in Sources */,
				1CAD05D72681175A002A61C1 /* SceneDelegate.swift in Sources */,
			);
			runOnlyForDeploymentPostprocessing = 0;
		};
/* End PBXSourcesBuildPhase section */

/* Begin PBXVariantGroup section */
		1CAD05DA2681175A002A61C1 /* Main.storyboard */ = {
			isa = PBXVariantGroup;
			children = (
				1CAD05DB2681175A002A61C1 /* Base */,
			);
			name = Main.storyboard;
			sourceTree = "<group>";
		};
		1CAD05DF26811765002A61C1 /* LaunchScreen.storyboard */ = {
			isa = PBXVariantGroup;
			children = (
				1CAD05E026811765002A61C1 /* Base */,
			);
			name = LaunchScreen.storyboard;
			sourceTree = "<group>";
		};
/* End PBXVariantGroup section */

/* Begin XCBuildConfiguration section */
		1CAD05E326811765002A61C1 /* Debug */ = {
			isa = XCBuildConfiguration;
			buildSettings = {
				ALWAYS_SEARCH_USER_PATHS = NO;
				CLANG_ANALYZER_NONNULL = YES;
				CLANG_ANALYZER_NUMBER_OBJECT_CONVERSION = YES_AGGRESSIVE;
				CLANG_CXX_LANGUAGE_STANDARD = "gnu++14";
				CLANG_CXX_LIBRARY = "libc++";
				CLANG_ENABLE_MODULES = YES;
				CLANG_ENABLE_OBJC_ARC = YES;
				CLANG_ENABLE_OBJC_WEAK = YES;
				CLANG_WARN_BLOCK_CAPTURE_AUTORELEASING = YES;
				CLANG_WARN_BOOL_CONVERSION = YES;
				CLANG_WARN_COMMA = YES;
				CLANG_WARN_CONSTANT_CONVERSION = YES;
				CLANG_WARN_DEPRECATED_OBJC_IMPLEMENTATIONS = YES;
				CLANG_WARN_DIRECT_OBJC_ISA_USAGE = YES_ERROR;
				CLANG_WARN_DOCUMENTATION_COMMENTS = YES;
				CLANG_WARN_EMPTY_BODY = YES;
				CLANG_WARN_ENUM_CONVERSION = YES;
				CLANG_WARN_INFINITE_RECURSION = YES;
				CLANG_WARN_INT_CONVERSION = YES;
				CLANG_WARN_NON_LITERAL_NULL_CONVERSION = YES;
				CLANG_WARN_OBJC_IMPLICIT_RETAIN_SELF = YES;
				CLANG_WARN_OBJC_LITERAL_CONVERSION = YES;
				CLANG_WARN_OBJC_ROOT_CLASS = YES_ERROR;
				CLANG_WARN_QUOTED_INCLUDE_IN_FRAMEWORK_HEADER = YES;
				CLANG_WARN_RANGE_LOOP_ANALYSIS = YES;
				CLANG_WARN_STRICT_PROTOTYPES = YES;
				CLANG_WARN_SUSPICIOUS_MOVE = YES;
				CLANG_WARN_UNGUARDED_AVAILABILITY = YES_AGGRESSIVE;
				CLANG_WARN_UNREACHABLE_CODE = YES;
				CLANG_WARN__DUPLICATE_METHOD_MATCH = YES;
				COPY_PHASE_STRIP = NO;
				DEBUG_INFORMATION_FORMAT = dwarf;
				ENABLE_STRICT_OBJC_MSGSEND = YES;
				ENABLE_TESTABILITY = YES;
				GCC_C_LANGUAGE_STANDARD = gnu11;
				GCC_DYNAMIC_NO_PIC = NO;
				GCC_NO_COMMON_BLOCKS = YES;
				GCC_OPTIMIZATION_LEVEL = 0;
				GCC_PREPROCESSOR_DEFINITIONS = (
					"DEBUG=1",
					"$(inherited)",
				);
				GCC_WARN_64_TO_32_BIT_CONVERSION = YES;
				GCC_WARN_ABOUT_RETURN_TYPE = YES_ERROR;
				GCC_WARN_UNDECLARED_SELECTOR = YES;
				GCC_WARN_UNINITIALIZED_AUTOS = YES_AGGRESSIVE;
				GCC_WARN_UNUSED_FUNCTION = YES;
				GCC_WARN_UNUSED_VARIABLE = YES;
				IPHONEOS_DEPLOYMENT_TARGET = 14.4;
				MTL_ENABLE_DEBUG_INFO = INCLUDE_SOURCE;
				MTL_FAST_MATH = YES;
				ONLY_ACTIVE_ARCH = YES;
				SDKROOT = iphoneos;
				SWIFT_ACTIVE_COMPILATION_CONDITIONS = DEBUG;
				SWIFT_OPTIMIZATION_LEVEL = "-Onone";
			};
			name = Debug;
		};
		1CAD05E426811765002A61C1 /* Release */ = {
			isa = XCBuildConfiguration;
			buildSettings = {
				ALWAYS_SEARCH_USER_PATHS = NO;
				CLANG_ANALYZER_NONNULL = YES;
				CLANG_ANALYZER_NUMBER_OBJECT_CONVERSION = YES_AGGRESSIVE;
				CLANG_CXX_LANGUAGE_STANDARD = "gnu++14";
				CLANG_CXX_LIBRARY = "libc++";
				CLANG_ENABLE_MODULES = YES;
				CLANG_ENABLE_OBJC_ARC = YES;
				CLANG_ENABLE_OBJC_WEAK = YES;
				CLANG_WARN_BLOCK_CAPTURE_AUTORELEASING = YES;
				CLANG_WARN_BOOL_CONVERSION = YES;
				CLANG_WARN_COMMA = YES;
				CLANG_WARN_CONSTANT_CONVERSION = YES;
				CLANG_WARN_DEPRECATED_OBJC_IMPLEMENTATIONS = YES;
				CLANG_WARN_DIRECT_OBJC_ISA_USAGE = YES_ERROR;
				CLANG_WARN_DOCUMENTATION_COMMENTS = YES;
				CLANG_WARN_EMPTY_BODY = YES;
				CLANG_WARN_ENUM_CONVERSION = YES;
				CLANG_WARN_INFINITE_RECURSION = YES;
				CLANG_WARN_INT_CONVERSION = YES;
				CLANG_WARN_NON_LITERAL_NULL_CONVERSION = YES;
				CLANG_WARN_OBJC_IMPLICIT_RETAIN_SELF = YES;
				CLANG_WARN_OBJC_LITERAL_CONVERSION = YES;
				CLANG_WARN_OBJC_ROOT_CLASS = YES_ERROR;
				CLANG_WARN_QUOTED_INCLUDE_IN_FRAMEWORK_HEADER = YES;
				CLANG_WARN_RANGE_LOOP_ANALYSIS = YES;
				CLANG_WARN_STRICT_PROTOTYPES = YES;
				CLANG_WARN_SUSPICIOUS_MOVE = YES;
				CLANG_WARN_UNGUARDED_AVAILABILITY = YES_AGGRESSIVE;
				CLANG_WARN_UNREACHABLE_CODE = YES;
				CLANG_WARN__DUPLICATE_METHOD_MATCH = YES;
				COPY_PHASE_STRIP = NO;
				DEBUG_INFORMATION_FORMAT = "dwarf-with-dsym";
				ENABLE_NS_ASSERTIONS = NO;
				ENABLE_STRICT_OBJC_MSGSEND = YES;
				GCC_C_LANGUAGE_STANDARD = gnu11;
				GCC_NO_COMMON_BLOCKS = YES;
				GCC_WARN_64_TO_32_BIT_CONVERSION = YES;
				GCC_WARN_ABOUT_RETURN_TYPE = YES_ERROR;
				GCC_WARN_UNDECLARED_SELECTOR = YES;
				GCC_WARN_UNINITIALIZED_AUTOS = YES_AGGRESSIVE;
				GCC_WARN_UNUSED_FUNCTION = YES;
				GCC_WARN_UNUSED_VARIABLE = YES;
				IPHONEOS_DEPLOYMENT_TARGET = 14.4;
				MTL_ENABLE_DEBUG_INFO = NO;
				MTL_FAST_MATH = YES;
				SDKROOT = iphoneos;
				SWIFT_COMPILATION_MODE = wholemodule;
				SWIFT_OPTIMIZATION_LEVEL = "-O";
				VALIDATE_PRODUCT = YES;
			};
			name = Release;
		};
		1CAD05E626811765002A61C1 /* Debug */ = {
			isa = XCBuildConfiguration;
			buildSettings = {
				ASSETCATALOG_COMPILER_APPICON_NAME = AppIcon;
				ASSETCATALOG_COMPILER_GLOBAL_ACCENT_COLOR_NAME = AccentColor;
				CODE_SIGN_STYLE = Automatic;
				DEVELOPMENT_TEAM = X8F92F5YZ5;
				INFOPLIST_FILE = InstaClone/Info.plist;
				IPHONEOS_DEPLOYMENT_TARGET = 13.0;
				LD_RUNPATH_SEARCH_PATHS = (
					"$(inherited)",
					"@executable_path/Frameworks",
				);
				PRODUCT_BUNDLE_IDENTIFIER = YamanBoztepe.InstaClone;
				PRODUCT_NAME = "$(TARGET_NAME)";
				SWIFT_VERSION = 5.0;
				TARGETED_DEVICE_FAMILY = "1,2";
			};
			name = Debug;
		};
		1CAD05E726811765002A61C1 /* Release */ = {
			isa = XCBuildConfiguration;
			buildSettings = {
				ASSETCATALOG_COMPILER_APPICON_NAME = AppIcon;
				ASSETCATALOG_COMPILER_GLOBAL_ACCENT_COLOR_NAME = AccentColor;
				CODE_SIGN_STYLE = Automatic;
				DEVELOPMENT_TEAM = X8F92F5YZ5;
				INFOPLIST_FILE = InstaClone/Info.plist;
				IPHONEOS_DEPLOYMENT_TARGET = 13.0;
				LD_RUNPATH_SEARCH_PATHS = (
					"$(inherited)",
					"@executable_path/Frameworks",
				);
				PRODUCT_BUNDLE_IDENTIFIER = YamanBoztepe.InstaClone;
				PRODUCT_NAME = "$(TARGET_NAME)";
				SWIFT_VERSION = 5.0;
				TARGETED_DEVICE_FAMILY = "1,2";
			};
			name = Release;
		};
/* End XCBuildConfiguration section */

/* Begin XCConfigurationList section */
		1CAD05CC2681175A002A61C1 /* Build configuration list for PBXProject "InstaClone" */ = {
			isa = XCConfigurationList;
			buildConfigurations = (
				1CAD05E326811765002A61C1 /* Debug */,
				1CAD05E426811765002A61C1 /* Release */,
			);
			defaultConfigurationIsVisible = 0;
			defaultConfigurationName = Release;
		};
		1CAD05E526811765002A61C1 /* Build configuration list for PBXNativeTarget "InstaClone" */ = {
			isa = XCConfigurationList;
			buildConfigurations = (
				1CAD05E626811765002A61C1 /* Debug */,
				1CAD05E726811765002A61C1 /* Release */,
			);
			defaultConfigurationIsVisible = 0;
			defaultConfigurationName = Release;
		};
/* End XCConfigurationList section */

/* Begin XCRemoteSwiftPackageReference section */
		1C521FB42682368B000AA39F /* XCRemoteSwiftPackageReference "Kingfisher" */ = {
			isa = XCRemoteSwiftPackageReference;
			repositoryURL = "https://github.com/onevcat/Kingfisher.git";
			requirement = {
				kind = upToNextMajorVersion;
				minimumVersion = 6.3.0;
			};
		};
/* End XCRemoteSwiftPackageReference section */

/* Begin XCSwiftPackageProductDependency section */
		1C521FB52682368B000AA39F /* Kingfisher */ = {
			isa = XCSwiftPackageProductDependency;
			package = 1C521FB42682368B000AA39F /* XCRemoteSwiftPackageReference "Kingfisher" */;
			productName = Kingfisher;
		};
/* End XCSwiftPackageProductDependency section */
	};
	rootObject = 1CAD05C92681175A002A61C1 /* Project object */;
}
